
Microsoft Visual Studio Solution File, Format Version 12.00
# Visual Studio 15
VisualStudioVersion = 15.0.28307.136
MinimumVisualStudioVersion = 10.0.40219.1
Project("{9A19103F-16F7-4668-BE54-9A1E7A4F7556}") = "RedStream.WebUI", "RedStream.WebUI\RedStream.WebUI.csproj", "{F9769C28-EFE6-4B01-AD6D-D07F50EDD99F}"
EndProject
Project("{9A19103F-16F7-4668-BE54-9A1E7A4F7556}") = "RedStream.YouTubeProviderAPI", "RedStream.YouTubeProviderAPI\RedStream.YouTubeProviderAPI.csproj", "{18AE9046-E346-4756-B234-CF4F0FAE6A41}"
EndProject
Project("{9A19103F-16F7-4668-BE54-9A1E7A4F7556}") = "RedStream.ViewModels", "RedStream.ViewModels\RedStream.ViewModels.csproj", "{DFE4CE0A-9E72-4422-981C-011DB81D0CBD}"
EndProject
Project("{9A19103F-16F7-4668-BE54-9A1E7A4F7556}") = "RedStream.DataAccessLayer", "RedStream.DataAccessLayer\RedStream.DataAccessLayer.csproj", "{C2E5AE5E-E0C1-416D-93A1-FEF7398A7A18}"
EndProject
Project("{FAE04EC0-301F-11D3-BF4B-00C04F79EFBC}") = "RedStream.Services", "RedStream.Services\RedStream.Services.csproj", "{EAE8C9AA-F8D7-4ED8-A12C-F0403A1A5454}"
EndProject
Project("{FAE04EC0-301F-11D3-BF4B-00C04F79EFBC}") = "RedStream.Shared", "RedStream.Shared\RedStream.Shared.csproj", "{077A9799-F120-4ACB-B06F-C82EFAE014F4}"
EndProject
Global
	GlobalSection(SolutionConfigurationPlatforms) = preSolution
		Debug|Any CPU = Debug|Any CPU
		Release|Any CPU = Release|Any CPU
	EndGlobalSection
	GlobalSection(ProjectConfigurationPlatforms) = postSolution
		{F9769C28-EFE6-4B01-AD6D-D07F50EDD99F}.Debug|Any CPU.ActiveCfg = Debug|Any CPU
		{F9769C28-EFE6-4B01-AD6D-D07F50EDD99F}.Debug|Any CPU.Build.0 = Debug|Any CPU
		{F9769C28-EFE6-4B01-AD6D-D07F50EDD99F}.Release|Any CPU.ActiveCfg = Release|Any CPU
		{F9769C28-EFE6-4B01-AD6D-D07F50EDD99F}.Release|Any CPU.Build.0 = Release|Any CPU
		{18AE9046-E346-4756-B234-CF4F0FAE6A41}.Debug|Any CPU.ActiveCfg = Debug|Any CPU
		{18AE9046-E346-4756-B234-CF4F0FAE6A41}.Debug|Any CPU.Build.0 = Debug|Any CPU
		{18AE9046-E346-4756-B234-CF4F0FAE6A41}.Release|Any CPU.ActiveCfg = Release|Any CPU
		{18AE9046-E346-4756-B234-CF4F0FAE6A41}.Release|Any CPU.Build.0 = Release|Any CPU
		{DFE4CE0A-9E72-4422-981C-011DB81D0CBD}.Debug|Any CPU.ActiveCfg = Debug|Any CPU
		{DFE4CE0A-9E72-4422-981C-011DB81D0CBD}.Debug|Any CPU.Build.0 = Debug|Any CPU
		{DFE4CE0A-9E72-4422-981C-011DB81D0CBD}.Release|Any CPU.ActiveCfg = Release|Any CPU
		{DFE4CE0A-9E72-4422-981C-011DB81D0CBD}.Release|Any CPU.Build.0 = Release|Any CPU
		{C2E5AE5E-E0C1-416D-93A1-FEF7398A7A18}.Debug|Any CPU.ActiveCfg = Debug|Any CPU
		{C2E5AE5E-E0C1-416D-93A1-FEF7398A7A18}.Debug|Any CPU.Build.0 = Debug|Any CPU
		{C2E5AE5E-E0C1-416D-93A1-FEF7398A7A18}.Release|Any CPU.ActiveCfg = Release|Any CPU
		{C2E5AE5E-E0C1-416D-93A1-FEF7398A7A18}.Release|Any CPU.Build.0 = Release|Any CPU
		{EAE8C9AA-F8D7-4ED8-A12C-F0403A1A5454}.Debug|Any CPU.ActiveCfg = Debug|Any CPU
		{EAE8C9AA-F8D7-4ED8-A12C-F0403A1A5454}.Debug|Any CPU.Build.0 = Debug|Any CPU
		{EAE8C9AA-F8D7-4ED8-A12C-F0403A1A5454}.Release|Any CPU.ActiveCfg = Release|Any CPU
		{EAE8C9AA-F8D7-4ED8-A12C-F0403A1A5454}.Release|Any CPU.Build.0 = Release|Any CPU
		{077A9799-F120-4ACB-B06F-C82EFAE014F4}.Debug|Any CPU.ActiveCfg = Debug|Any CPU
		{077A9799-F120-4ACB-B06F-C82EFAE014F4}.Debug|Any CPU.Build.0 = Debug|Any CPU
		{077A9799-F120-4ACB-B06F-C82EFAE014F4}.Release|Any CPU.ActiveCfg = Release|Any CPU
		{077A9799-F120-4ACB-B06F-C82EFAE014F4}.Release|Any CPU.Build.0 = Release|Any CPU
	EndGlobalSection
	GlobalSection(SolutionProperties) = preSolution
		HideSolutionNode = FALSE
	EndGlobalSection
	GlobalSection(ExtensibilityGlobals) = postSolution
		SolutionGuid = {7A975085-9923-4009-B69D-AAC7A1527173}
	EndGlobalSection
EndGlobal
